
Microsoft Visual Studio Solution File, Format Version 12.00
# Visual Studio 15
VisualStudioVersion = 15.0.26403.3
MinimumVisualStudioVersion = 10.0.40219.1
Project("{FAE04EC0-301F-11D3-BF4B-00C04F79EFBC}") = "ACM.Win", "ACM.Win\ACM.Win.csproj", "{314CA278-480A-4F6C-979D-5FFAA06606E5}"
EndProject
Project("{FAE04EC0-301F-11D3-BF4B-00C04F79EFBC}") = "ACM.BL", "ACM.BL\ACM.BL.csproj", "{63ABF49C-0DE9-4486-BE0A-8CE357228B16}"
EndProject
Project("{FAE04EC0-301F-11D3-BF4B-00C04F79EFBC}") = "Core.Common", "Core.Common\Core.Common.csproj", "{F4B61303-7A63-4FC8-8B77-130C2A2543AC}"
EndProject
Project("{2150E333-8FDC-42A3-9474-1A3956D46DE8}") = "Test Units", "Test Units", "{528B8B36-44D0-4230-9066-96120CD77A7D}"
EndProject
Project("{FAE04EC0-301F-11D3-BF4B-00C04F79EFBC}") = "ACM.BLTests", "ACM.BLTests\ACM.BLTests.csproj", "{128D1C93-43C9-45B8-9D13-BBF7288A3FE4}"
EndProject
Global
	GlobalSection(SolutionConfigurationPlatforms) = preSolution
		Debug|Any CPU = Debug|Any CPU
		Release|Any CPU = Release|Any CPU
	EndGlobalSection
	GlobalSection(ProjectConfigurationPlatforms) = postSolution
		{314CA278-480A-4F6C-979D-5FFAA06606E5}.Debug|Any CPU.ActiveCfg = Debug|Any CPU
		{314CA278-480A-4F6C-979D-5FFAA06606E5}.Debug|Any CPU.Build.0 = Debug|Any CPU
		{314CA278-480A-4F6C-979D-5FFAA06606E5}.Release|Any CPU.ActiveCfg = Release|Any CPU
		{314CA278-480A-4F6C-979D-5FFAA06606E5}.Release|Any CPU.Build.0 = Release|Any CPU
		{63ABF49C-0DE9-4486-BE0A-8CE357228B16}.Debug|Any CPU.ActiveCfg = Debug|Any CPU
		{63ABF49C-0DE9-4486-BE0A-8CE357228B16}.Debug|Any CPU.Build.0 = Debug|Any CPU
		{63ABF49C-0DE9-4486-BE0A-8CE357228B16}.Release|Any CPU.ActiveCfg = Release|Any CPU
		{63ABF49C-0DE9-4486-BE0A-8CE357228B16}.Release|Any CPU.Build.0 = Release|Any CPU
		{F4B61303-7A63-4FC8-8B77-130C2A2543AC}.Debug|Any CPU.ActiveCfg = Debug|Any CPU
		{F4B61303-7A63-4FC8-8B77-130C2A2543AC}.Debug|Any CPU.Build.0 = Debug|Any CPU
		{F4B61303-7A63-4FC8-8B77-130C2A2543AC}.Release|Any CPU.ActiveCfg = Release|Any CPU
		{F4B61303-7A63-4FC8-8B77-130C2A2543AC}.Release|Any CPU.Build.0 = Release|Any CPU
		{128D1C93-43C9-45B8-9D13-BBF7288A3FE4}.Debug|Any CPU.ActiveCfg = Debug|Any CPU
		{128D1C93-43C9-45B8-9D13-BBF7288A3FE4}.Debug|Any CPU.Build.0 = Debug|Any CPU
		{128D1C93-43C9-45B8-9D13-BBF7288A3FE4}.Release|Any CPU.ActiveCfg = Release|Any CPU
		{128D1C93-43C9-45B8-9D13-BBF7288A3FE4}.Release|Any CPU.Build.0 = Release|Any CPU
	EndGlobalSection
	GlobalSection(SolutionProperties) = preSolution
		HideSolutionNode = FALSE
	EndGlobalSection
	GlobalSection(NestedProjects) = preSolution
		{128D1C93-43C9-45B8-9D13-BBF7288A3FE4} = {528B8B36-44D0-4230-9066-96120CD77A7D}
	EndGlobalSection
EndGlobal
